
Microsoft Visual Studio Solution File, Format Version 12.00
Project("{FAE04EC0-301F-11D3-BF4B-00C04F79EFBC}") = "CheekyWrapped", "CheekyWrapped.csproj", "{DC7BF3B5-3CD3-40C2-859F-4A50D742429B}"
EndProject
Global
	GlobalSection(SolutionConfigurationPlatforms) = preSolution
		Debug|Any CPU = Debug|Any CPU
		Release|Any CPU = Release|Any CPU
	EndGlobalSection
	GlobalSection(ProjectConfigurationPlatforms) = postSolution
		{DC7BF3B5-3CD3-40C2-859F-4A50D742429B}.Debug|Any CPU.ActiveCfg = Debug|Any CPU
		{DC7BF3B5-3CD3-40C2-859F-4A50D742429B}.Debug|Any CPU.Build.0 = Debug|Any CPU
		{DC7BF3B5-3CD3-40C2-859F-4A50D742429B}.Release|Any CPU.ActiveCfg = Release|Any CPU
		{DC7BF3B5-3CD3-40C2-859F-4A50D742429B}.Release|Any CPU.Build.0 = Release|Any CPU
	EndGlobalSection
EndGlobal
